// !$*UTF8*$!
{
	archiveVersion = 1;
	classes = {
	};
	objectVersion = 46;
	objects = {

/* Begin PBXBuildFile section */
		1203051B1507709B00D4A32A /* FlickrFetcher.m in Sources */ = {isa = PBXBuildFile; fileRef = 1203051A1507709B00D4A32A /* FlickrFetcher.m */; };
		120305311507C73F00D4A32A /* Vacation.xcdatamodeld in Sources */ = {isa = PBXBuildFile; fileRef = 1203052F1507C73F00D4A32A /* Vacation.xcdatamodeld */; };
		1203054F1507CACB00D4A32A /* VirtualVacationsTableViewController.m in Sources */ = {isa = PBXBuildFile; fileRef = 1203054E1507CACB00D4A32A /* VirtualVacationsTableViewController.m */; };
		123DA5151561595D005E7AF4 /* orderedItineraryTableViewController.m in Sources */ = {isa = PBXBuildFile; fileRef = 123DA5141561595D005E7AF4 /* orderedItineraryTableViewController.m */; };
		123F99B61507689600007002 /* artist-tab.png in Resources */ = {isa = PBXBuildFile; fileRef = 123F99AE1507689600007002 /* artist-tab.png */; };
		123F99B71507689600007002 /* artist-tab@2x.png in Resources */ = {isa = PBXBuildFile; fileRef = 123F99AF1507689600007002 /* artist-tab@2x.png */; };
		123F99B81507689600007002 /* clock-tab.png in Resources */ = {isa = PBXBuildFile; fileRef = 123F99B01507689600007002 /* clock-tab.png */; };
		123F99B91507689600007002 /* clock-tab@2x.png in Resources */ = {isa = PBXBuildFile; fileRef = 123F99B11507689600007002 /* clock-tab@2x.png */; };
		123F99BA1507689600007002 /* podcast-tab.png in Resources */ = {isa = PBXBuildFile; fileRef = 123F99B21507689600007002 /* podcast-tab.png */; };
		123F99BB1507689600007002 /* podcast-tab@2x.png in Resources */ = {isa = PBXBuildFile; fileRef = 123F99B31507689600007002 /* podcast-tab@2x.png */; };
		123F99BC1507689600007002 /* selection-tab.png in Resources */ = {isa = PBXBuildFile; fileRef = 123F99B41507689600007002 /* selection-tab.png */; };
		123F99BD1507689600007002 /* selection-tab@2x.png in Resources */ = {isa = PBXBuildFile; fileRef = 123F99B51507689600007002 /* selection-tab@2x.png */; };
		1244813F155ED39D00847E6B /* Photo.m in Sources */ = {isa = PBXBuildFile; fileRef = 1244813E155ED39D00847E6B /* Photo.m */; };
		12448142155ED39D00847E6B /* Itinerary.m in Sources */ = {isa = PBXBuildFile; fileRef = 12448141155ED39D00847E6B /* Itinerary.m */; };
		12448145155ED39D00847E6B /* Place.m in Sources */ = {isa = PBXBuildFile; fileRef = 12448144155ED39D00847E6B /* Place.m */; };
		12448148155ED39D00847E6B /* Tag.m in Sources */ = {isa = PBXBuildFile; fileRef = 12448147155ED39D00847E6B /* Tag.m */; };
		1244814B155ED3AA00847E6B /* Itinerary+Create.m in Sources */ = {isa = PBXBuildFile; fileRef = 1244814A155ED3AA00847E6B /* Itinerary+Create.m */; };
		124679751517D3350025E3C5 /* FormViewController.m in Sources */ = {isa = PBXBuildFile; fileRef = 124679741517D3350025E3C5 /* FormViewController.m */; };
		12540B6514E2D6590026B218 /* RecentPhotosTableViewController.m in Sources */ = {isa = PBXBuildFile; fileRef = 12540B6414E2D6590026B218 /* RecentPhotosTableViewController.m */; };
		12540B7514E3151B0026B218 /* PhotoViewController.m in Sources */ = {isa = PBXBuildFile; fileRef = 12540B7414E3151B0026B218 /* PhotoViewController.m */; };
		12540BA814E533B60026B218 /* LastViewedPhotosTableViewController.m in Sources */ = {isa = PBXBuildFile; fileRef = 12540BA714E533B50026B218 /* LastViewedPhotosTableViewController.m */; };
		1294F66014E9977D00BFFB98 /* CoreLocation.framework in Frameworks */ = {isa = PBXBuildFile; fileRef = 1294F65F14E9977D00BFFB98 /* CoreLocation.framework */; };
		1294F66214E9978600BFFB98 /* MapKit.framework in Frameworks */ = {isa = PBXBuildFile; fileRef = 1294F66114E9978600BFFB98 /* MapKit.framework */; };
		1294F66514E9980B00BFFB98 /* MapViewController.m in Sources */ = {isa = PBXBuildFile; fileRef = 1294F66414E9980B00BFFB98 /* MapViewController.m */; };
		1294F67B14EA516900BFFB98 /* FlipSegue.m in Sources */ = {isa = PBXBuildFile; fileRef = 1294F67A14EA516900BFFB98 /* FlipSegue.m */; };
		129BF0A6155C4B8300DFD538 /* FlickrPhotoAnnotation.m in Sources */ = {isa = PBXBuildFile; fileRef = 129BF0A5155C4B8300DFD538 /* FlickrPhotoAnnotation.m */; };
		129DA54415114D9700D6C7D9 /* MainStoryboard_iPhone.storyboard in Resources */ = {isa = PBXBuildFile; fileRef = 129DA54315114D9700D6C7D9 /* MainStoryboard_iPhone.storyboard */; };
		129DA54F1512226C00D6C7D9 /* VacationPhotosTableViewController.m in Sources */ = {isa = PBXBuildFile; fileRef = 129DA54E1512226C00D6C7D9 /* VacationPhotosTableViewController.m */; };
		12AF971815113A76001C3A5B /* Photo+Delete.m in Sources */ = {isa = PBXBuildFile; fileRef = 12AF971715113A76001C3A5B /* Photo+Delete.m */; };
		12B411A8150EA7B1008E8ADB /* PhotoManager.m in Sources */ = {isa = PBXBuildFile; fileRef = 12B411A7150EA7B0008E8ADB /* PhotoManager.m */; };
		12C3BDAF1503E381007BF809 /* PhotoCaching.m in Sources */ = {isa = PBXBuildFile; fileRef = 12C3BDAE1503E381007BF809 /* PhotoCaching.m */; };
		12C4B748150A774F004A393E /* VacationHelper.m in Sources */ = {isa = PBXBuildFile; fileRef = 12C4B747150A774E004A393E /* VacationHelper.m */; };
		12C4B753150AA2A1004A393E /* Photo+Flickr.m in Sources */ = {isa = PBXBuildFile; fileRef = 12C4B752150AA2A1004A393E /* Photo+Flickr.m */; };
		12C4B75E150AB6E2004A393E /* Place+Create.m in Sources */ = {isa = PBXBuildFile; fileRef = 12C4B75D150AB6E2004A393E /* Place+Create.m */; };
		12C4B765150AC462004A393E /* Tag+Create.m in Sources */ = {isa = PBXBuildFile; fileRef = 12C4B764150AC462004A393E /* Tag+Create.m */; };
		12C4B768150AD049004A393E /* TagsTableViewController.m in Sources */ = {isa = PBXBuildFile; fileRef = 12C4B767150AD049004A393E /* TagsTableViewController.m */; };
		12C4B76B150AD86B004A393E /* CoreData.framework in Frameworks */ = {isa = PBXBuildFile; fileRef = 1203051C150773AF00D4A32A /* CoreData.framework */; };
		12C4B774150ADA43004A393E /* CoreDataTableViewController.m in Sources */ = {isa = PBXBuildFile; fileRef = 12C4B773150ADA43004A393E /* CoreDataTableViewController.m */; };
		12E0917214EAD9F9008BE035 /* FlickrPlaceAnnotation.m in Sources */ = {isa = PBXBuildFile; fileRef = 12E0917114EAD9F9008BE035 /* FlickrPlaceAnnotation.m */; };
		12EE69D914DDF035006CCB7B /* UIKit.framework in Frameworks */ = {isa = PBXBuildFile; fileRef = 12EE69D814DDF035006CCB7B /* UIKit.framework */; };
		12EE69DB14DDF035006CCB7B /* Foundation.framework in Frameworks */ = {isa = PBXBuildFile; fileRef = 12EE69DA14DDF035006CCB7B /* Foundation.framework */; };
		12EE69DD14DDF035006CCB7B /* CoreGraphics.framework in Frameworks */ = {isa = PBXBuildFile; fileRef = 12EE69DC14DDF035006CCB7B /* CoreGraphics.framework */; };
		12EE69E314DDF035006CCB7B /* InfoPlist.strings in Resources */ = {isa = PBXBuildFile; fileRef = 12EE69E114DDF035006CCB7B /* InfoPlist.strings */; };
		12EE69E514DDF035006CCB7B /* main.m in Sources */ = {isa = PBXBuildFile; fileRef = 12EE69E414DDF035006CCB7B /* main.m */; };
		12EE69E914DDF035006CCB7B /* FlickrPhotoAppDelegate.m in Sources */ = {isa = PBXBuildFile; fileRef = 12EE69E814DDF035006CCB7B /* FlickrPhotoAppDelegate.m */; };
		12EE69EF14DDF035006CCB7B /* MainStoryboard_iPad.storyboard in Resources */ = {isa = PBXBuildFile; fileRef = 12EE69ED14DDF035006CCB7B /* MainStoryboard_iPad.storyboard */; };
		12EE69FA14DDF0F3006CCB7B /* PlacesTableViewController.m in Sources */ = {isa = PBXBuildFile; fileRef = 12EE69F914DDF0F3006CCB7B /* PlacesTableViewController.m */; };
		12EE6A1A14DDFCC4006CCB7B /* myTabBarViewController.m in Sources */ = {isa = PBXBuildFile; fileRef = 12EE6A1914DDFCC4006CCB7B /* myTabBarViewController.m */; };
		12EE6A1E14DDFF8C006CCB7B /* tabbar.png in Resources */ = {isa = PBXBuildFile; fileRef = 12EE6A1D14DDFF8C006CCB7B /* tabbar.png */; };
		12FF028D1508085C0051C330 /* SingleVacationTableViewController.m in Sources */ = {isa = PBXBuildFile; fileRef = 12FF028C1508085C0051C330 /* SingleVacationTableViewController.m */; };
/* End PBXBuildFile section */

/* Begin PBXFileReference section */
		120305171507708F00D4A32A /* FlickrAPIKey.h */ = {isa = PBXFileReference; lastKnownFileType = sourcecode.c.h; path = FlickrAPIKey.h; sourceTree = "<group>"; };
		120305191507709600D4A32A /* FlickrFetcher.h */ = {isa = PBXFileReference; lastKnownFileType = sourcecode.c.h; path = FlickrFetcher.h; sourceTree = "<group>"; };
		1203051A1507709B00D4A32A /* FlickrFetcher.m */ = {isa = PBXFileReference; fileEncoding = 4; lastKnownFileType = sourcecode.c.objc; path = FlickrFetcher.m; sourceTree = "<group>"; };
		1203051C150773AF00D4A32A /* CoreData.framework */ = {isa = PBXFileReference; lastKnownFileType = wrapper.framework; name = CoreData.framework; path = System/Library/Frameworks/CoreData.framework; sourceTree = SDKROOT; };
		120305301507C73F00D4A32A /* Vacation.xcdatamodel */ = {isa = PBXFileReference; lastKnownFileType = wrapper.xcdatamodel; path = Vacation.xcdatamodel; sourceTree = "<group>"; };
		1203054D1507CACA00D4A32A /* VirtualVacationsTableViewController.h */ = {isa = PBXFileReference; fileEncoding = 4; lastKnownFileType = sourcecode.c.h; path = VirtualVacationsTableViewController.h; sourceTree = "<group>"; };
		1203054E1507CACB00D4A32A /* VirtualVacationsTableViewController.m */ = {isa = PBXFileReference; fileEncoding = 4; lastKnownFileType = sourcecode.c.objc; path = VirtualVacationsTableViewController.m; sourceTree = "<group>"; };
		123DA5131561595D005E7AF4 /* orderedItineraryTableViewController.h */ = {isa = PBXFileReference; fileEncoding = 4; lastKnownFileType = sourcecode.c.h; path = orderedItineraryTableViewController.h; sourceTree = "<group>"; };
		123DA5141561595D005E7AF4 /* orderedItineraryTableViewController.m */ = {isa = PBXFileReference; fileEncoding = 4; lastKnownFileType = sourcecode.c.objc; path = orderedItineraryTableViewController.m; sourceTree = "<group>"; };
		123F99AE1507689600007002 /* artist-tab.png */ = {isa = PBXFileReference; lastKnownFileType = image.png; path = "artist-tab.png"; sourceTree = "<group>"; };
		123F99AF1507689600007002 /* artist-tab@2x.png */ = {isa = PBXFileReference; lastKnownFileType = image.png; path = "artist-tab@2x.png"; sourceTree = "<group>"; };
		123F99B01507689600007002 /* clock-tab.png */ = {isa = PBXFileReference; lastKnownFileType = image.png; path = "clock-tab.png"; sourceTree = "<group>"; };
		123F99B11507689600007002 /* clock-tab@2x.png */ = {isa = PBXFileReference; lastKnownFileType = image.png; path = "clock-tab@2x.png"; sourceTree = "<group>"; };
		123F99B21507689600007002 /* podcast-tab.png */ = {isa = PBXFileReference; lastKnownFileType = image.png; path = "podcast-tab.png"; sourceTree = "<group>"; };
		123F99B31507689600007002 /* podcast-tab@2x.png */ = {isa = PBXFileReference; lastKnownFileType = image.png; path = "podcast-tab@2x.png"; sourceTree = "<group>"; };
		123F99B41507689600007002 /* selection-tab.png */ = {isa = PBXFileReference; lastKnownFileType = image.png; path = "selection-tab.png"; sourceTree = "<group>"; };
		123F99B51507689600007002 /* selection-tab@2x.png */ = {isa = PBXFileReference; lastKnownFileType = image.png; path = "selection-tab@2x.png"; sourceTree = "<group>"; };
		1244813D155ED39D00847E6B /* Photo.h */ = {isa = PBXFileReference; fileEncoding = 4; lastKnownFileType = sourcecode.c.h; path = Photo.h; sourceTree = "<group>"; };
		1244813E155ED39D00847E6B /* Photo.m */ = {isa = PBXFileReference; fileEncoding = 4; lastKnownFileType = sourcecode.c.objc; path = Photo.m; sourceTree = "<group>"; };
		12448140155ED39D00847E6B /* Itinerary.h */ = {isa = PBXFileReference; fileEncoding = 4; lastKnownFileType = sourcecode.c.h; path = Itinerary.h; sourceTree = "<group>"; };
		12448141155ED39D00847E6B /* Itinerary.m */ = {isa = PBXFileReference; fileEncoding = 4; lastKnownFileType = sourcecode.c.objc; path = Itinerary.m; sourceTree = "<group>"; };
		12448143155ED39D00847E6B /* Place.h */ = {isa = PBXFileReference; fileEncoding = 4; lastKnownFileType = sourcecode.c.h; path = Place.h; sourceTree = "<group>"; };
		12448144155ED39D00847E6B /* Place.m */ = {isa = PBXFileReference; fileEncoding = 4; lastKnownFileType = sourcecode.c.objc; path = Place.m; sourceTree = "<group>"; };
		12448146155ED39D00847E6B /* Tag.h */ = {isa = PBXFileReference; fileEncoding = 4; lastKnownFileType = sourcecode.c.h; path = Tag.h; sourceTree = "<group>"; };
		12448147155ED39D00847E6B /* Tag.m */ = {isa = PBXFileReference; fileEncoding = 4; lastKnownFileType = sourcecode.c.objc; path = Tag.m; sourceTree = "<group>"; };
		12448149155ED3AA00847E6B /* Itinerary+Create.h */ = {isa = PBXFileReference; fileEncoding = 4; lastKnownFileType = sourcecode.c.h; path = "Itinerary+Create.h"; sourceTree = "<group>"; };
		1244814A155ED3AA00847E6B /* Itinerary+Create.m */ = {isa = PBXFileReference; fileEncoding = 4; lastKnownFileType = sourcecode.c.objc; path = "Itinerary+Create.m"; sourceTree = "<group>"; };
		124679731517D3350025E3C5 /* FormViewController.h */ = {isa = PBXFileReference; fileEncoding = 4; lastKnownFileType = sourcecode.c.h; path = FormViewController.h; sourceTree = "<group>"; };
		124679741517D3350025E3C5 /* FormViewController.m */ = {isa = PBXFileReference; fileEncoding = 4; lastKnownFileType = sourcecode.c.objc; path = FormViewController.m; sourceTree = "<group>"; };
		12540B6314E2D6590026B218 /* RecentPhotosTableViewController.h */ = {isa = PBXFileReference; fileEncoding = 4; lastKnownFileType = sourcecode.c.h; path = RecentPhotosTableViewController.h; sourceTree = "<group>"; };
		12540B6414E2D6590026B218 /* RecentPhotosTableViewController.m */ = {isa = PBXFileReference; fileEncoding = 4; lastKnownFileType = sourcecode.c.objc; path = RecentPhotosTableViewController.m; sourceTree = "<group>"; };
		12540B7314E3151B0026B218 /* PhotoViewController.h */ = {isa = PBXFileReference; fileEncoding = 4; lastKnownFileType = sourcecode.c.h; path = PhotoViewController.h; sourceTree = "<group>"; };
		12540B7414E3151B0026B218 /* PhotoViewController.m */ = {isa = PBXFileReference; fileEncoding = 4; lastKnownFileType = sourcecode.c.objc; path = PhotoViewController.m; sourceTree = "<group>"; };
		12540BA614E533B50026B218 /* LastViewedPhotosTableViewController.h */ = {isa = PBXFileReference; fileEncoding = 4; lastKnownFileType = sourcecode.c.h; path = LastViewedPhotosTableViewController.h; sourceTree = "<group>"; };
		12540BA714E533B50026B218 /* LastViewedPhotosTableViewController.m */ = {isa = PBXFileReference; fileEncoding = 4; lastKnownFileType = sourcecode.c.objc; path = LastViewedPhotosTableViewController.m; sourceTree = "<group>"; };
		1294F65F14E9977D00BFFB98 /* CoreLocation.framework */ = {isa = PBXFileReference; lastKnownFileType = wrapper.framework; name = CoreLocation.framework; path = System/Library/Frameworks/CoreLocation.framework; sourceTree = SDKROOT; };
		1294F66114E9978600BFFB98 /* MapKit.framework */ = {isa = PBXFileReference; lastKnownFileType = wrapper.framework; name = MapKit.framework; path = System/Library/Frameworks/MapKit.framework; sourceTree = SDKROOT; };
		1294F66314E9980B00BFFB98 /* MapViewController.h */ = {isa = PBXFileReference; fileEncoding = 4; lastKnownFileType = sourcecode.c.h; path = MapViewController.h; sourceTree = "<group>"; };
		1294F66414E9980B00BFFB98 /* MapViewController.m */ = {isa = PBXFileReference; fileEncoding = 4; lastKnownFileType = sourcecode.c.objc; path = MapViewController.m; sourceTree = "<group>"; };
		1294F67914EA516900BFFB98 /* FlipSegue.h */ = {isa = PBXFileReference; fileEncoding = 4; lastKnownFileType = sourcecode.c.h; path = FlipSegue.h; sourceTree = "<group>"; };
		1294F67A14EA516900BFFB98 /* FlipSegue.m */ = {isa = PBXFileReference; fileEncoding = 4; lastKnownFileType = sourcecode.c.objc; path = FlipSegue.m; sourceTree = "<group>"; };
		129BF0A4155C4B8300DFD538 /* FlickrPhotoAnnotation.h */ = {isa = PBXFileReference; fileEncoding = 4; lastKnownFileType = sourcecode.c.h; path = FlickrPhotoAnnotation.h; sourceTree = "<group>"; };
		129BF0A5155C4B8300DFD538 /* FlickrPhotoAnnotation.m */ = {isa = PBXFileReference; fileEncoding = 4; lastKnownFileType = sourcecode.c.objc; path = FlickrPhotoAnnotation.m; sourceTree = "<group>"; };
		129DA54315114D9700D6C7D9 /* MainStoryboard_iPhone.storyboard */ = {isa = PBXFileReference; fileEncoding = 4; lastKnownFileType = file.storyboard; path = MainStoryboard_iPhone.storyboard; sourceTree = "<group>"; };
		129DA54D1512226B00D6C7D9 /* VacationPhotosTableViewController.h */ = {isa = PBXFileReference; fileEncoding = 4; lastKnownFileType = sourcecode.c.h; path = VacationPhotosTableViewController.h; sourceTree = "<group>"; };
		129DA54E1512226C00D6C7D9 /* VacationPhotosTableViewController.m */ = {isa = PBXFileReference; fileEncoding = 4; lastKnownFileType = sourcecode.c.objc; path = VacationPhotosTableViewController.m; sourceTree = "<group>"; };
		12AEB2DF14E738EF004C8359 /* SplitViewBarButtonItemPresenter.h */ = {isa = PBXFileReference; fileEncoding = 4; lastKnownFileType = sourcecode.c.h; path = SplitViewBarButtonItemPresenter.h; sourceTree = "<group>"; };
		12AF971615113A76001C3A5B /* Photo+Delete.h */ = {isa = PBXFileReference; fileEncoding = 4; lastKnownFileType = sourcecode.c.h; path = "Photo+Delete.h"; sourceTree = "<group>"; };
		12AF971715113A76001C3A5B /* Photo+Delete.m */ = {isa = PBXFileReference; fileEncoding = 4; lastKnownFileType = sourcecode.c.objc; path = "Photo+Delete.m"; sourceTree = "<group>"; };
		12B411A6150EA7B0008E8ADB /* PhotoManager.h */ = {isa = PBXFileReference; fileEncoding = 4; lastKnownFileType = sourcecode.c.h; path = PhotoManager.h; sourceTree = "<group>"; };
		12B411A7150EA7B0008E8ADB /* PhotoManager.m */ = {isa = PBXFileReference; fileEncoding = 4; lastKnownFileType = sourcecode.c.objc; path = PhotoManager.m; sourceTree = "<group>"; };
		12C3BDAD1503E381007BF809 /* PhotoCaching.h */ = {isa = PBXFileReference; fileEncoding = 4; lastKnownFileType = sourcecode.c.h; path = PhotoCaching.h; sourceTree = "<group>"; };
		12C3BDAE1503E381007BF809 /* PhotoCaching.m */ = {isa = PBXFileReference; fileEncoding = 4; lastKnownFileType = sourcecode.c.objc; path = PhotoCaching.m; sourceTree = "<group>"; };
		12C4B746150A774E004A393E /* VacationHelper.h */ = {isa = PBXFileReference; fileEncoding = 4; lastKnownFileType = sourcecode.c.h; path = VacationHelper.h; sourceTree = "<group>"; };
		12C4B747150A774E004A393E /* VacationHelper.m */ = {isa = PBXFileReference; fileEncoding = 4; lastKnownFileType = sourcecode.c.objc; path = VacationHelper.m; sourceTree = "<group>"; };
		12C4B751150AA2A1004A393E /* Photo+Flickr.h */ = {isa = PBXFileReference; fileEncoding = 4; lastKnownFileType = sourcecode.c.h; path = "Photo+Flickr.h"; sourceTree = "<group>"; };
		12C4B752150AA2A1004A393E /* Photo+Flickr.m */ = {isa = PBXFileReference; fileEncoding = 4; lastKnownFileType = sourcecode.c.objc; path = "Photo+Flickr.m"; sourceTree = "<group>"; };
		12C4B75C150AB6E2004A393E /* Place+Create.h */ = {isa = PBXFileReference; fileEncoding = 4; lastKnownFileType = sourcecode.c.h; path = "Place+Create.h"; sourceTree = "<group>"; };
		12C4B75D150AB6E2004A393E /* Place+Create.m */ = {isa = PBXFileReference; fileEncoding = 4; lastKnownFileType = sourcecode.c.objc; path = "Place+Create.m"; sourceTree = "<group>"; };
		12C4B763150AC462004A393E /* Tag+Create.h */ = {isa = PBXFileReference; fileEncoding = 4; lastKnownFileType = sourcecode.c.h; path = "Tag+Create.h"; sourceTree = "<group>"; };
		12C4B764150AC462004A393E /* Tag+Create.m */ = {isa = PBXFileReference; fileEncoding = 4; lastKnownFileType = sourcecode.c.objc; path = "Tag+Create.m"; sourceTree = "<group>"; };
		12C4B766150AD048004A393E /* TagsTableViewController.h */ = {isa = PBXFileReference; fileEncoding = 4; lastKnownFileType = sourcecode.c.h; path = TagsTableViewController.h; sourceTree = "<group>"; };
		12C4B767150AD049004A393E /* TagsTableViewController.m */ = {isa = PBXFileReference; fileEncoding = 4; lastKnownFileType = sourcecode.c.objc; path = TagsTableViewController.m; sourceTree = "<group>"; };
		12C4B772150ADA43004A393E /* CoreDataTableViewController.h */ = {isa = PBXFileReference; fileEncoding = 4; lastKnownFileType = sourcecode.c.h; path = CoreDataTableViewController.h; sourceTree = "<group>"; };
		12C4B773150ADA43004A393E /* CoreDataTableViewController.m */ = {isa = PBXFileReference; fileEncoding = 4; lastKnownFileType = sourcecode.c.objc; path = CoreDataTableViewController.m; sourceTree = "<group>"; };
		12E0917014EAD9F9008BE035 /* FlickrPlaceAnnotation.h */ = {isa = PBXFileReference; fileEncoding = 4; lastKnownFileType = sourcecode.c.h; path = FlickrPlaceAnnotation.h; sourceTree = "<group>"; };
		12E0917114EAD9F9008BE035 /* FlickrPlaceAnnotation.m */ = {isa = PBXFileReference; fileEncoding = 4; lastKnownFileType = sourcecode.c.objc; path = FlickrPlaceAnnotation.m; sourceTree = "<group>"; };
		12EE69D414DDF035006CCB7B /* FlickrPhoto.app */ = {isa = PBXFileReference; explicitFileType = wrapper.application; includeInIndex = 0; path = FlickrPhoto.app; sourceTree = BUILT_PRODUCTS_DIR; };
		12EE69D814DDF035006CCB7B /* UIKit.framework */ = {isa = PBXFileReference; lastKnownFileType = wrapper.framework; name = UIKit.framework; path = System/Library/Frameworks/UIKit.framework; sourceTree = SDKROOT; };
		12EE69DA14DDF035006CCB7B /* Foundation.framework */ = {isa = PBXFileReference; lastKnownFileType = wrapper.framework; name = Foundation.framework; path = System/Library/Frameworks/Foundation.framework; sourceTree = SDKROOT; };
		12EE69DC14DDF035006CCB7B /* CoreGraphics.framework */ = {isa = PBXFileReference; lastKnownFileType = wrapper.framework; name = CoreGraphics.framework; path = System/Library/Frameworks/CoreGraphics.framework; sourceTree = SDKROOT; };
		12EE69E014DDF035006CCB7B /* FlickrPhoto-Info.plist */ = {isa = PBXFileReference; lastKnownFileType = text.plist.xml; path = "FlickrPhoto-Info.plist"; sourceTree = "<group>"; };
		12EE69E214DDF035006CCB7B /* en */ = {isa = PBXFileReference; lastKnownFileType = text.plist.strings; name = en; path = en.lproj/InfoPlist.strings; sourceTree = "<group>"; };
		12EE69E414DDF035006CCB7B /* main.m */ = {isa = PBXFileReference; lastKnownFileType = sourcecode.c.objc; path = main.m; sourceTree = "<group>"; };
		12EE69E614DDF035006CCB7B /* FlickrPhoto-Prefix.pch */ = {isa = PBXFileReference; lastKnownFileType = sourcecode.c.h; path = "FlickrPhoto-Prefix.pch"; sourceTree = "<group>"; };
		12EE69E714DDF035006CCB7B /* FlickrPhotoAppDelegate.h */ = {isa = PBXFileReference; lastKnownFileType = sourcecode.c.h; path = FlickrPhotoAppDelegate.h; sourceTree = "<group>"; };
		12EE69E814DDF035006CCB7B /* FlickrPhotoAppDelegate.m */ = {isa = PBXFileReference; lastKnownFileType = sourcecode.c.objc; path = FlickrPhotoAppDelegate.m; sourceTree = "<group>"; };
		12EE69EE14DDF035006CCB7B /* en */ = {isa = PBXFileReference; lastKnownFileType = file.storyboard; name = en; path = en.lproj/MainStoryboard_iPad.storyboard; sourceTree = "<group>"; };
		12EE69F814DDF0F3006CCB7B /* PlacesTableViewController.h */ = {isa = PBXFileReference; fileEncoding = 4; lastKnownFileType = sourcecode.c.h; path = PlacesTableViewController.h; sourceTree = "<group>"; };
		12EE69F914DDF0F3006CCB7B /* PlacesTableViewController.m */ = {isa = PBXFileReference; fileEncoding = 4; lastKnownFileType = sourcecode.c.objc; path = PlacesTableViewController.m; sourceTree = "<group>"; };
		12EE6A1814DDFCC4006CCB7B /* myTabBarViewController.h */ = {isa = PBXFileReference; fileEncoding = 4; lastKnownFileType = sourcecode.c.h; path = myTabBarViewController.h; sourceTree = "<group>"; };
		12EE6A1914DDFCC4006CCB7B /* myTabBarViewController.m */ = {isa = PBXFileReference; fileEncoding = 4; lastKnownFileType = sourcecode.c.objc; path = myTabBarViewController.m; sourceTree = "<group>"; };
		12EE6A1D14DDFF8C006CCB7B /* tabbar.png */ = {isa = PBXFileReference; lastKnownFileType = image.png; path = tabbar.png; sourceTree = "<group>"; };
		12FF028B1508085C0051C330 /* SingleVacationTableViewController.h */ = {isa = PBXFileReference; fileEncoding = 4; lastKnownFileType = sourcecode.c.h; path = SingleVacationTableViewController.h; sourceTree = "<group>"; };
		12FF028C1508085C0051C330 /* SingleVacationTableViewController.m */ = {isa = PBXFileReference; fileEncoding = 4; lastKnownFileType = sourcecode.c.objc; path = SingleVacationTableViewController.m; sourceTree = "<group>"; };
/* End PBXFileReference section */

/* Begin PBXFrameworksBuildPhase section */
		12EE69D114DDF035006CCB7B /* Frameworks */ = {
			isa = PBXFrameworksBuildPhase;
			buildActionMask = 2147483647;
			files = (
				12C4B76B150AD86B004A393E /* CoreData.framework in Frameworks */,
				1294F66214E9978600BFFB98 /* MapKit.framework in Frameworks */,
				1294F66014E9977D00BFFB98 /* CoreLocation.framework in Frameworks */,
				12EE69D914DDF035006CCB7B /* UIKit.framework in Frameworks */,
				12EE69DB14DDF035006CCB7B /* Foundation.framework in Frameworks */,
				12EE69DD14DDF035006CCB7B /* CoreGraphics.framework in Frameworks */,
			);
			runOnlyForDeploymentPostprocessing = 0;
		};
/* End PBXFrameworksBuildPhase section */

/* Begin PBXGroup section */
		1203052E1507C6FC00D4A32A /* Core Data */ = {
			isa = PBXGroup;
			children = (
				12448146155ED39D00847E6B /* Tag.h */,
				12448147155ED39D00847E6B /* Tag.m */,
				12448143155ED39D00847E6B /* Place.h */,
				12448144155ED39D00847E6B /* Place.m */,
				12448140155ED39D00847E6B /* Itinerary.h */,
				12448149155ED3AA00847E6B /* Itinerary+Create.h */,
				1244814A155ED3AA00847E6B /* Itinerary+Create.m */,
				12448141155ED39D00847E6B /* Itinerary.m */,
				1244813D155ED39D00847E6B /* Photo.h */,
				1244813E155ED39D00847E6B /* Photo.m */,
				12C4B772150ADA43004A393E /* CoreDataTableViewController.h */,
				12C4B773150ADA43004A393E /* CoreDataTableViewController.m */,
				12C4B75C150AB6E2004A393E /* Place+Create.h */,
				12C4B75D150AB6E2004A393E /* Place+Create.m */,
				12C4B751150AA2A1004A393E /* Photo+Flickr.h */,
				12C4B752150AA2A1004A393E /* Photo+Flickr.m */,
				12AF971615113A76001C3A5B /* Photo+Delete.h */,
				12AF971715113A76001C3A5B /* Photo+Delete.m */,
				1203052F1507C73F00D4A32A /* Vacation.xcdatamodeld */,
				12C4B763150AC462004A393E /* Tag+Create.h */,
				12C4B764150AC462004A393E /* Tag+Create.m */,
			);
			name = "Core Data";
			sourceTree = "<group>";
		};
		120305501507CAD200D4A32A /* assignment_6 */ = {
			isa = PBXGroup;
			children = (
			);
			name = assignment_6;
			sourceTree = "<group>";
		};
		12AF971415110AC2001C3A5B /* Storyboards */ = {
			isa = PBXGroup;
			children = (
				129DA54315114D9700D6C7D9 /* MainStoryboard_iPhone.storyboard */,
				12EE69ED14DDF035006CCB7B /* MainStoryboard_iPad.storyboard */,
			);
			name = Storyboards;
			sourceTree = "<group>";
		};
		12AF971515113882001C3A5B /* Map */ = {
			isa = PBXGroup;
			children = (
				129BF0A4155C4B8300DFD538 /* FlickrPhotoAnnotation.h */,
				129BF0A5155C4B8300DFD538 /* FlickrPhotoAnnotation.m */,
				1294F66314E9980B00BFFB98 /* MapViewController.h */,
				1294F66414E9980B00BFFB98 /* MapViewController.m */,
				12E0917014EAD9F9008BE035 /* FlickrPlaceAnnotation.h */,
				12E0917114EAD9F9008BE035 /* FlickrPlaceAnnotation.m */,
			);
			name = Map;
			sourceTree = "<group>";
		};
		12CD96491511066600DB6A1C /* Custom */ = {
			isa = PBXGroup;
			children = (
				1294F67914EA516900BFFB98 /* FlipSegue.h */,
				1294F67A14EA516900BFFB98 /* FlipSegue.m */,
				12EE6A1914DDFCC4006CCB7B /* myTabBarViewController.m */,
				12EE6A1814DDFCC4006CCB7B /* myTabBarViewController.h */,
			);
			name = Custom;
			sourceTree = "<group>";
		};
		12EE69C914DDF035006CCB7B = {
			isa = PBXGroup;
			children = (
				12EE69DE14DDF035006CCB7B /* FlickrPhoto */,
				12EE69D714DDF035006CCB7B /* Frameworks */,
				12EE69D514DDF035006CCB7B /* Products */,
			);
			sourceTree = "<group>";
		};
		12EE69D514DDF035006CCB7B /* Products */ = {
			isa = PBXGroup;
			children = (
				12EE69D414DDF035006CCB7B /* FlickrPhoto.app */,
			);
			name = Products;
			sourceTree = "<group>";
		};
		12EE69D714DDF035006CCB7B /* Frameworks */ = {
			isa = PBXGroup;
			children = (
				1203051C150773AF00D4A32A /* CoreData.framework */,
				1294F66114E9978600BFFB98 /* MapKit.framework */,
				1294F65F14E9977D00BFFB98 /* CoreLocation.framework */,
				12EE69D814DDF035006CCB7B /* UIKit.framework */,
				12EE69DA14DDF035006CCB7B /* Foundation.framework */,
				12EE69DC14DDF035006CCB7B /* CoreGraphics.framework */,
			);
			name = Frameworks;
			sourceTree = "<group>";
		};
		12EE69DE14DDF035006CCB7B /* FlickrPhoto */ = {
			isa = PBXGroup;
			children = (
				12C4B766150AD048004A393E /* TagsTableViewController.h */,
				12C4B767150AD049004A393E /* TagsTableViewController.m */,
				1203054D1507CACA00D4A32A /* VirtualVacationsTableViewController.h */,
				1203054E1507CACB00D4A32A /* VirtualVacationsTableViewController.m */,
				12FF028B1508085C0051C330 /* SingleVacationTableViewController.h */,
				12FF028C1508085C0051C330 /* SingleVacationTableViewController.m */,
				12C4B746150A774E004A393E /* VacationHelper.h */,
				12C4B747150A774E004A393E /* VacationHelper.m */,
				12B411A6150EA7B0008E8ADB /* PhotoManager.h */,
				12EE69E714DDF035006CCB7B /* FlickrPhotoAppDelegate.h */,
				12540BA614E533B50026B218 /* LastViewedPhotosTableViewController.h */,
				12540BA714E533B50026B218 /* LastViewedPhotosTableViewController.m */,
				12540B7314E3151B0026B218 /* PhotoViewController.h */,
				12540B7414E3151B0026B218 /* PhotoViewController.m */,
				12EE69E814DDF035006CCB7B /* FlickrPhotoAppDelegate.m */,
				12B411A7150EA7B0008E8ADB /* PhotoManager.m */,
				12EE69F914DDF0F3006CCB7B /* PlacesTableViewController.m */,
				12AEB2DF14E738EF004C8359 /* SplitViewBarButtonItemPresenter.h */,
				12540B6314E2D6590026B218 /* RecentPhotosTableViewController.h */,
				12540B6414E2D6590026B218 /* RecentPhotosTableViewController.m */,
				12C3BDAD1503E381007BF809 /* PhotoCaching.h */,
				12C3BDAE1503E381007BF809 /* PhotoCaching.m */,
				12EE69F814DDF0F3006CCB7B /* PlacesTableViewController.h */,
				129DA54D1512226B00D6C7D9 /* VacationPhotosTableViewController.h */,
				129DA54E1512226C00D6C7D9 /* VacationPhotosTableViewController.m */,
				124679731517D3350025E3C5 /* FormViewController.h */,
				124679741517D3350025E3C5 /* FormViewController.m */,
				123DA5131561595D005E7AF4 /* orderedItineraryTableViewController.h */,
				123DA5141561595D005E7AF4 /* orderedItineraryTableViewController.m */,
				12CD96491511066600DB6A1C /* Custom */,
				12AF971515113882001C3A5B /* Map */,
				12AF971415110AC2001C3A5B /* Storyboards */,
				120305501507CAD200D4A32A /* assignment_6 */,
				1203052E1507C6FC00D4A32A /* Core Data */,
				12EE69FB14DDF171006CCB7B /* FlickrFetcther */,
				12EE6A0014DDF1A2006CCB7B /* Images */,
				12EE69DF14DDF035006CCB7B /* Supporting Files */,
			);
			path = FlickrPhoto;
			sourceTree = "<group>";
		};
		12EE69DF14DDF035006CCB7B /* Supporting Files */ = {
			isa = PBXGroup;
			children = (
				12EE69E014DDF035006CCB7B /* FlickrPhoto-Info.plist */,
				12EE69E114DDF035006CCB7B /* InfoPlist.strings */,
				12EE69E414DDF035006CCB7B /* main.m */,
				12EE69E614DDF035006CCB7B /* FlickrPhoto-Prefix.pch */,
			);
			name = "Supporting Files";
			sourceTree = "<group>";
		};
		12EE69FB14DDF171006CCB7B /* FlickrFetcther */ = {
			isa = PBXGroup;
			children = (
				120305171507708F00D4A32A /* FlickrAPIKey.h */,
				1203051A1507709B00D4A32A /* FlickrFetcher.m */,
				120305191507709600D4A32A /* FlickrFetcher.h */,
			);
			name = FlickrFetcther;
			sourceTree = "<group>";
		};
		12EE6A0014DDF1A2006CCB7B /* Images */ = {
			isa = PBXGroup;
			children = (
				123F99AE1507689600007002 /* artist-tab.png */,
				123F99AF1507689600007002 /* artist-tab@2x.png */,
				123F99B01507689600007002 /* clock-tab.png */,
				123F99B11507689600007002 /* clock-tab@2x.png */,
				123F99B21507689600007002 /* podcast-tab.png */,
				123F99B31507689600007002 /* podcast-tab@2x.png */,
				123F99B41507689600007002 /* selection-tab.png */,
				123F99B51507689600007002 /* selection-tab@2x.png */,
				12EE6A1D14DDFF8C006CCB7B /* tabbar.png */,
			);
			name = Images;
			sourceTree = "<group>";
		};
/* End PBXGroup section */

/* Begin PBXNativeTarget section */
		12EE69D314DDF035006CCB7B /* FlickrPhoto */ = {
			isa = PBXNativeTarget;
			buildConfigurationList = 12EE69F514DDF035006CCB7B /* Build configuration list for PBXNativeTarget "FlickrPhoto" */;
			buildPhases = (
				12EE69D014DDF035006CCB7B /* Sources */,
				12EE69D114DDF035006CCB7B /* Frameworks */,
				12EE69D214DDF035006CCB7B /* Resources */,
			);
			buildRules = (
			);
			dependencies = (
			);
			name = FlickrPhoto;
			productName = FlickrPhoto;
			productReference = 12EE69D414DDF035006CCB7B /* FlickrPhoto.app */;
			productType = "com.apple.product-type.application";
		};
/* End PBXNativeTarget section */

/* Begin PBXProject section */
		12EE69CB14DDF035006CCB7B /* Project object */ = {
			isa = PBXProject;
			attributes = {
				LastUpgradeCheck = 0430;
			};
			buildConfigurationList = 12EE69CE14DDF035006CCB7B /* Build configuration list for PBXProject "FlickrPhoto" */;
			compatibilityVersion = "Xcode 3.2";
			developmentRegion = English;
			hasScannedForEncodings = 0;
			knownRegions = (
				en,
			);
			mainGroup = 12EE69C914DDF035006CCB7B;
			productRefGroup = 12EE69D514DDF035006CCB7B /* Products */;
			projectDirPath = "";
			projectRoot = "";
			targets = (
				12EE69D314DDF035006CCB7B /* FlickrPhoto */,
			);
		};
/* End PBXProject section */

/* Begin PBXResourcesBuildPhase section */
		12EE69D214DDF035006CCB7B /* Resources */ = {
			isa = PBXResourcesBuildPhase;
			buildActionMask = 2147483647;
			files = (
				12EE69E314DDF035006CCB7B /* InfoPlist.strings in Resources */,
				12EE69EF14DDF035006CCB7B /* MainStoryboard_iPad.storyboard in Resources */,
				12EE6A1E14DDFF8C006CCB7B /* tabbar.png in Resources */,
				123F99B61507689600007002 /* artist-tab.png in Resources */,
				123F99B71507689600007002 /* artist-tab@2x.png in Resources */,
				123F99B81507689600007002 /* clock-tab.png in Resources */,
				123F99B91507689600007002 /* clock-tab@2x.png in Resources */,
				123F99BA1507689600007002 /* podcast-tab.png in Resources */,
				123F99BB1507689600007002 /* podcast-tab@2x.png in Resources */,
				123F99BC1507689600007002 /* selection-tab.png in Resources */,
				123F99BD1507689600007002 /* selection-tab@2x.png in Resources */,
				129DA54415114D9700D6C7D9 /* MainStoryboard_iPhone.storyboard in Resources */,
			);
			runOnlyForDeploymentPostprocessing = 0;
		};
/* End PBXResourcesBuildPhase section */

/* Begin PBXSourcesBuildPhase section */
		12EE69D014DDF035006CCB7B /* Sources */ = {
			isa = PBXSourcesBuildPhase;
			buildActionMask = 2147483647;
			files = (
				12EE69E514DDF035006CCB7B /* main.m in Sources */,
				12EE69E914DDF035006CCB7B /* FlickrPhotoAppDelegate.m in Sources */,
				12EE69FA14DDF0F3006CCB7B /* PlacesTableViewController.m in Sources */,
				12EE6A1A14DDFCC4006CCB7B /* myTabBarViewController.m in Sources */,
				12540B6514E2D6590026B218 /* RecentPhotosTableViewController.m in Sources */,
				12540B7514E3151B0026B218 /* PhotoViewController.m in Sources */,
				12540BA814E533B60026B218 /* LastViewedPhotosTableViewController.m in Sources */,
				1294F66514E9980B00BFFB98 /* MapViewController.m in Sources */,
				1294F67B14EA516900BFFB98 /* FlipSegue.m in Sources */,
				12E0917214EAD9F9008BE035 /* FlickrPlaceAnnotation.m in Sources */,
				12C3BDAF1503E381007BF809 /* PhotoCaching.m in Sources */,
				1203051B1507709B00D4A32A /* FlickrFetcher.m in Sources */,
				120305311507C73F00D4A32A /* Vacation.xcdatamodeld in Sources */,
				1203054F1507CACB00D4A32A /* VirtualVacationsTableViewController.m in Sources */,
				12FF028D1508085C0051C330 /* SingleVacationTableViewController.m in Sources */,
				12C4B748150A774F004A393E /* VacationHelper.m in Sources */,
				12C4B753150AA2A1004A393E /* Photo+Flickr.m in Sources */,
				12C4B75E150AB6E2004A393E /* Place+Create.m in Sources */,
				12C4B765150AC462004A393E /* Tag+Create.m in Sources */,
				12C4B768150AD049004A393E /* TagsTableViewController.m in Sources */,
				12C4B774150ADA43004A393E /* CoreDataTableViewController.m in Sources */,
				12B411A8150EA7B1008E8ADB /* PhotoManager.m in Sources */,
				12AF971815113A76001C3A5B /* Photo+Delete.m in Sources */,
				129DA54F1512226C00D6C7D9 /* VacationPhotosTableViewController.m in Sources */,
				124679751517D3350025E3C5 /* FormViewController.m in Sources */,
				129BF0A6155C4B8300DFD538 /* FlickrPhotoAnnotation.m in Sources */,
				1244813F155ED39D00847E6B /* Photo.m in Sources */,
				12448142155ED39D00847E6B /* Itinerary.m in Sources */,
				12448145155ED39D00847E6B /* Place.m in Sources */,
				12448148155ED39D00847E6B /* Tag.m in Sources */,
				1244814B155ED3AA00847E6B /* Itinerary+Create.m in Sources */,
				123DA5151561595D005E7AF4 /* orderedItineraryTableViewController.m in Sources */,
			);
			runOnlyForDeploymentPostprocessing = 0;
		};
/* End PBXSourcesBuildPhase section */

/* Begin PBXVariantGroup section */
		12EE69E114DDF035006CCB7B /* InfoPlist.strings */ = {
			isa = PBXVariantGroup;
			children = (
				12EE69E214DDF035006CCB7B /* en */,
			);
			name = InfoPlist.strings;
			sourceTree = "<group>";
		};
		12EE69ED14DDF035006CCB7B /* MainStoryboard_iPad.storyboard */ = {
			isa = PBXVariantGroup;
			children = (
				12EE69EE14DDF035006CCB7B /* en */,
			);
			name = MainStoryboard_iPad.storyboard;
			sourceTree = "<group>";
		};
/* End PBXVariantGroup section */

/* Begin XCBuildConfiguration section */
		12EE69F314DDF035006CCB7B /* Debug */ = {
			isa = XCBuildConfiguration;
			buildSettings = {
				ALWAYS_SEARCH_USER_PATHS = NO;
				ARCHS = "$(ARCHS_STANDARD_32_BIT)";
				CLANG_ENABLE_OBJC_ARC = YES;
				"CODE_SIGN_IDENTITY[sdk=iphoneos*]" = "iPhone Developer";
				COPY_PHASE_STRIP = NO;
				GCC_C_LANGUAGE_STANDARD = gnu99;
				GCC_DYNAMIC_NO_PIC = NO;
				GCC_OPTIMIZATION_LEVEL = 0;
				GCC_PREPROCESSOR_DEFINITIONS = (
					"DEBUG=1",
					"$(inherited)",
				);
				GCC_SYMBOLS_PRIVATE_EXTERN = NO;
				GCC_VERSION = com.apple.compilers.llvm.clang.1_0;
				GCC_WARN_ABOUT_MISSING_PROTOTYPES = YES;
				GCC_WARN_ABOUT_RETURN_TYPE = YES;
				GCC_WARN_UNUSED_VARIABLE = YES;
				IPHONEOS_DEPLOYMENT_TARGET = 5.0;
				SDKROOT = iphoneos;
				TARGETED_DEVICE_FAMILY = "1,2";
			};
			name = Debug;
		};
		12EE69F414DDF035006CCB7B /* Release */ = {
			isa = XCBuildConfiguration;
			buildSettings = {
				ALWAYS_SEARCH_USER_PATHS = NO;
				ARCHS = "$(ARCHS_STANDARD_32_BIT)";
				CLANG_ENABLE_OBJC_ARC = YES;
				"CODE_SIGN_IDENTITY[sdk=iphoneos*]" = "iPhone Developer";
				COPY_PHASE_STRIP = YES;
				GCC_C_LANGUAGE_STANDARD = gnu99;
				GCC_VERSION = com.apple.compilers.llvm.clang.1_0;
				GCC_WARN_ABOUT_MISSING_PROTOTYPES = YES;
				GCC_WARN_ABOUT_RETURN_TYPE = YES;
				GCC_WARN_UNUSED_VARIABLE = YES;
				IPHONEOS_DEPLOYMENT_TARGET = 5.0;
				OTHER_CFLAGS = "-DNS_BLOCK_ASSERTIONS=1";
				SDKROOT = iphoneos;
				TARGETED_DEVICE_FAMILY = "1,2";
				VALIDATE_PRODUCT = YES;
			};
			name = Release;
		};
		12EE69F614DDF035006CCB7B /* Debug */ = {
			isa = XCBuildConfiguration;
			buildSettings = {
				GCC_PRECOMPILE_PREFIX_HEADER = YES;
				GCC_PREFIX_HEADER = "FlickrPhoto/FlickrPhoto-Prefix.pch";
				INFOPLIST_FILE = "FlickrPhoto/FlickrPhoto-Info.plist";
				PRODUCT_NAME = "$(TARGET_NAME)";
				WRAPPER_EXTENSION = app;
			};
			name = Debug;
		};
		12EE69F714DDF035006CCB7B /* Release */ = {
			isa = XCBuildConfiguration;
			buildSettings = {
				GCC_PRECOMPILE_PREFIX_HEADER = YES;
				GCC_PREFIX_HEADER = "FlickrPhoto/FlickrPhoto-Prefix.pch";
				INFOPLIST_FILE = "FlickrPhoto/FlickrPhoto-Info.plist";
				PRODUCT_NAME = "$(TARGET_NAME)";
				WRAPPER_EXTENSION = app;
			};
			name = Release;
		};
/* End XCBuildConfiguration section */

/* Begin XCConfigurationList section */
		12EE69CE14DDF035006CCB7B /* Build configuration list for PBXProject "FlickrPhoto" */ = {
			isa = XCConfigurationList;
			buildConfigurations = (
				12EE69F314DDF035006CCB7B /* Debug */,
				12EE69F414DDF035006CCB7B /* Release */,
			);
			defaultConfigurationIsVisible = 0;
			defaultConfigurationName = Release;
		};
		12EE69F514DDF035006CCB7B /* Build configuration list for PBXNativeTarget "FlickrPhoto" */ = {
			isa = XCConfigurationList;
			buildConfigurations = (
				12EE69F614DDF035006CCB7B /* Debug */,
				12EE69F714DDF035006CCB7B /* Release */,
			);
			defaultConfigurationIsVisible = 0;
			defaultConfigurationName = Release;
		};
/* End XCConfigurationList section */

/* Begin XCVersionGroup section */
		1203052F1507C73F00D4A32A /* Vacation.xcdatamodeld */ = {
			isa = XCVersionGroup;
			children = (
				120305301507C73F00D4A32A /* Vacation.xcdatamodel */,
			);
			currentVersion = 120305301507C73F00D4A32A /* Vacation.xcdatamodel */;
			path = Vacation.xcdatamodeld;
			sourceTree = "<group>";
			versionGroupType = wrapper.xcdatamodel;
		};
/* End XCVersionGroup section */
	};
	rootObject = 12EE69CB14DDF035006CCB7B /* Project object */;
}
